// !$*UTF8*$!
{
	archiveVersion = 1;
	classes = {
	};
	objectVersion = 56;
	objects = {

/* Begin PBXBuildFile section */
		DAAEC34629CF5A51005D3E49 /* AppDelegate.swift in Sources */ = {isa = PBXBuildFile; fileRef = DAAEC34529CF5A51005D3E49 /* AppDelegate.swift */; };
		DAAEC34829CF5A51005D3E49 /* SceneDelegate.swift in Sources */ = {isa = PBXBuildFile; fileRef = DAAEC34729CF5A51005D3E49 /* SceneDelegate.swift */; };
		DAAEC34A29CF5A51005D3E49 /* ViewController.swift in Sources */ = {isa = PBXBuildFile; fileRef = DAAEC34929CF5A51005D3E49 /* ViewController.swift */; };
		DAAEC34D29CF5A51005D3E49 /* Main.storyboard in Resources */ = {isa = PBXBuildFile; fileRef = DAAEC34B29CF5A51005D3E49 /* Main.storyboard */; };
		DAAEC34F29CF5A55005D3E49 /* Assets.xcassets in Resources */ = {isa = PBXBuildFile; fileRef = DAAEC34E29CF5A55005D3E49 /* Assets.xcassets */; };
		DAAEC35229CF5A55005D3E49 /* LaunchScreen.storyboard in Resources */ = {isa = PBXBuildFile; fileRef = DAAEC35029CF5A55005D3E49 /* LaunchScreen.storyboard */; };
		DAAEC35A29CF5AA0005D3E49 /* CollectionView.swift in Sources */ = {isa = PBXBuildFile; fileRef = DAAEC35929CF5AA0005D3E49 /* CollectionView.swift */; };
		DAAEC35C29CF5C3F005D3E49 /* CollectionViewCell.swift in Sources */ = {isa = PBXBuildFile; fileRef = DAAEC35B29CF5C3F005D3E49 /* CollectionViewCell.swift */; };
/* End PBXBuildFile section */

/* Begin PBXFileReference section */
		DAAEC34229CF5A51005D3E49 /* Marathon9.1.app */ = {isa = PBXFileReference; explicitFileType = wrapper.application; includeInIndex = 0; path = Marathon9.1.app; sourceTree = BUILT_PRODUCTS_DIR; };
		DAAEC34529CF5A51005D3E49 /* AppDelegate.swift */ = {isa = PBXFileReference; lastKnownFileType = sourcecode.swift; path = AppDelegate.swift; sourceTree = "<group>"; };
		DAAEC34729CF5A51005D3E49 /* SceneDelegate.swift */ = {isa = PBXFileReference; lastKnownFileType = sourcecode.swift; path = SceneDelegate.swift; sourceTree = "<group>"; };
		DAAEC34929CF5A51005D3E49 /* ViewController.swift */ = {isa = PBXFileReference; lastKnownFileType = sourcecode.swift; path = ViewController.swift; sourceTree = "<group>"; };
		DAAEC34C29CF5A51005D3E49 /* Base */ = {isa = PBXFileReference; lastKnownFileType = file.storyboard; name = Base; path = Base.lproj/Main.storyboard; sourceTree = "<group>"; };
		DAAEC34E29CF5A55005D3E49 /* Assets.xcassets */ = {isa = PBXFileReference; lastKnownFileType = folder.assetcatalog; path = Assets.xcassets; sourceTree = "<group>"; };
		DAAEC35129CF5A55005D3E49 /* Base */ = {isa = PBXFileReference; lastKnownFileType = file.storyboard; name = Base; path = Base.lproj/LaunchScreen.storyboard; sourceTree = "<group>"; };
		DAAEC35329CF5A55005D3E49 /* Info.plist */ = {isa = PBXFileReference; lastKnownFileType = text.plist.xml; path = Info.plist; sourceTree = "<group>"; };
		DAAEC35929CF5AA0005D3E49 /* CollectionView.swift */ = {isa = PBXFileReference; lastKnownFileType = sourcecode.swift; path = CollectionView.swift; sourceTree = "<group>"; };
		DAAEC35B29CF5C3F005D3E49 /* CollectionViewCell.swift */ = {isa = PBXFileReference; lastKnownFileType = sourcecode.swift; path = CollectionViewCell.swift; sourceTree = "<group>"; };
/* End PBXFileReference section */

/* Begin PBXFrameworksBuildPhase section */
		DAAEC33F29CF5A51005D3E49 /* Frameworks */ = {
			isa = PBXFrameworksBuildPhase;
			buildActionMask = 2147483647;
			files = (
			);
			runOnlyForDeploymentPostprocessing = 0;
		};
/* End PBXFrameworksBuildPhase section */

/* Begin PBXGroup section */
		DAAEC33929CF5A50005D3E49 = {
			isa = PBXGroup;
			children = (
				DAAEC34429CF5A51005D3E49 /* Marathon9.1 */,
				DAAEC34329CF5A51005D3E49 /* Products */,
			);
			sourceTree = "<group>";
		};
		DAAEC34329CF5A51005D3E49 /* Products */ = {
			isa = PBXGroup;
			children = (
				DAAEC34229CF5A51005D3E49 /* Marathon9.1.app */,
			);
			name = Products;
			sourceTree = "<group>";
		};
		DAAEC34429CF5A51005D3E49 /* Marathon9.1 */ = {
			isa = PBXGroup;
			children = (
				DAAEC34529CF5A51005D3E49 /* AppDelegate.swift */,
				DAAEC34729CF5A51005D3E49 /* SceneDelegate.swift */,
				DAAEC34929CF5A51005D3E49 /* ViewController.swift */,
				DAAEC35929CF5AA0005D3E49 /* CollectionView.swift */,
				DAAEC35B29CF5C3F005D3E49 /* CollectionViewCell.swift */,
				DAAEC34B29CF5A51005D3E49 /* Main.storyboard */,
				DAAEC34E29CF5A55005D3E49 /* Assets.xcassets */,
				DAAEC35029CF5A55005D3E49 /* LaunchScreen.storyboard */,
				DAAEC35329CF5A55005D3E49 /* Info.plist */,
			);
			path = Marathon9.1;
			sourceTree = "<group>";
		};
/* End PBXGroup section */

/* Begin PBXNativeTarget section */
		DAAEC34129CF5A51005D3E49 /* Marathon9.1 */ = {
			isa = PBXNativeTarget;
			buildConfigurationList = DAAEC35629CF5A55005D3E49 /* Build configuration list for PBXNativeTarget "Marathon9.1" */;
			buildPhases = (
				DAAEC33E29CF5A51005D3E49 /* Sources */,
				DAAEC33F29CF5A51005D3E49 /* Frameworks */,
				DAAEC34029CF5A51005D3E49 /* Resources */,
			);
			buildRules = (
			);
			dependencies = (
			);
			name = Marathon9.1;
			productName = Marathon9.1;
			productReference = DAAEC34229CF5A51005D3E49 /* Marathon9.1.app */;
			productType = "com.apple.product-type.application";
		};
/* End PBXNativeTarget section */

/* Begin PBXProject section */
		DAAEC33A29CF5A50005D3E49 /* Project object */ = {
			isa = PBXProject;
			attributes = {
				BuildIndependentTargetsInParallel = 1;
				LastSwiftUpdateCheck = 1410;
				LastUpgradeCheck = 1410;
				TargetAttributes = {
					DAAEC34129CF5A51005D3E49 = {
						CreatedOnToolsVersion = 14.1;
					};
				};
			};
			buildConfigurationList = DAAEC33D29CF5A50005D3E49 /* Build configuration list for PBXProject "Marathon9.1" */;
			compatibilityVersion = "Xcode 14.0";
			developmentRegion = en;
			hasScannedForEncodings = 0;
			knownRegions = (
				en,
				Base,
			);
			mainGroup = DAAEC33929CF5A50005D3E49;
			productRefGroup = DAAEC34329CF5A51005D3E49 /* Products */;
			projectDirPath = "";
			projectRoot = "";
			targets = (
				DAAEC34129CF5A51005D3E49 /* Marathon9.1 */,
			);
		};
/* End PBXProject section */

/* Begin PBXResourcesBuildPhase section */
		DAAEC34029CF5A51005D3E49 /* Resources */ = {
			isa = PBXResourcesBuildPhase;
			buildActionMask = 2147483647;
			files = (
				DAAEC35229CF5A55005D3E49 /* LaunchScreen.storyboard in Resources */,
				DAAEC34F29CF5A55005D3E49 /* Assets.xcassets in Resources */,
				DAAEC34D29CF5A51005D3E49 /* Main.storyboard in Resources */,
			);
			runOnlyForDeploymentPostprocessing = 0;
		};
/* End PBXResourcesBuildPhase section */

/* Begin PBXSourcesBuildPhase section */
		DAAEC33E29CF5A51005D3E49 /* Sources */ = {
			isa = PBXSourcesBuildPhase;
			buildActionMask = 2147483647;
			files = (
				DAAEC35C29CF5C3F005D3E49 /* CollectionViewCell.swift in Sources */,
				DAAEC34A29CF5A51005D3E49 /* ViewController.swift in Sources */,
				DAAEC34629CF5A51005D3E49 /* AppDelegate.swift in Sources */,
				DAAEC35A29CF5AA0005D3E49 /* CollectionView.swift in Sources */,
				DAAEC34829CF5A51005D3E49 /* SceneDelegate.swift in Sources */,
			);
			runOnlyForDeploymentPostprocessing = 0;
		};
/* End PBXSourcesBuildPhase section */

/* Begin PBXVariantGroup section */
		DAAEC34B29CF5A51005D3E49 /* Main.storyboard */ = {
			isa = PBXVariantGroup;
			children = (
				DAAEC34C29CF5A51005D3E49 /* Base */,
			);
			name = Main.storyboard;
			sourceTree = "<group>";
		};
		DAAEC35029CF5A55005D3E49 /* LaunchScreen.storyboard */ = {
			isa = PBXVariantGroup;
			children = (
				DAAEC35129CF5A55005D3E49 /* Base */,
			);
			name = LaunchScreen.storyboard;
			sourceTree = "<group>";
		};
/* End PBXVariantGroup section */

/* Begin XCBuildConfiguration section */
		DAAEC35429CF5A55005D3E49 /* Debug */ = {
			isa = XCBuildConfiguration;
			buildSettings = {
				ALWAYS_SEARCH_USER_PATHS = NO;
				CLANG_ANALYZER_NONNULL = YES;
				CLANG_ANALYZER_NUMBER_OBJECT_CONVERSION = YES_AGGRESSIVE;
				CLANG_CXX_LANGUAGE_STANDARD = "gnu++20";
				CLANG_ENABLE_MODULES = YES;
				CLANG_ENABLE_OBJC_ARC = YES;
				CLANG_ENABLE_OBJC_WEAK = YES;
				CLANG_WARN_BLOCK_CAPTURE_AUTORELEASING = YES;
				CLANG_WARN_BOOL_CONVERSION = YES;
				CLANG_WARN_COMMA = YES;
				CLANG_WARN_CONSTANT_CONVERSION = YES;
				CLANG_WARN_DEPRECATED_OBJC_IMPLEMENTATIONS = YES;
				CLANG_WARN_DIRECT_OBJC_ISA_USAGE = YES_ERROR;
				CLANG_WARN_DOCUMENTATION_COMMENTS = YES;
				CLANG_WARN_EMPTY_BODY = YES;
				CLANG_WARN_ENUM_CONVERSION = YES;
				CLANG_WARN_INFINITE_RECURSION = YES;
				CLANG_WARN_INT_CONVERSION = YES;
				CLANG_WARN_NON_LITERAL_NULL_CONVERSION = YES;
				CLANG_WARN_OBJC_IMPLICIT_RETAIN_SELF = YES;
				CLANG_WARN_OBJC_LITERAL_CONVERSION = YES;
				CLANG_WARN_OBJC_ROOT_CLASS = YES_ERROR;
				CLANG_WARN_QUOTED_INCLUDE_IN_FRAMEWORK_HEADER = YES;
				CLANG_WARN_RANGE_LOOP_ANALYSIS = YES;
				CLANG_WARN_STRICT_PROTOTYPES = YES;
				CLANG_WARN_SUSPICIOUS_MOVE = YES;
				CLANG_WARN_UNGUARDED_AVAILABILITY = YES_AGGRESSIVE;
				CLANG_WARN_UNREACHABLE_CODE = YES;
				CLANG_WARN__DUPLICATE_METHOD_MATCH = YES;
				COPY_PHASE_STRIP = NO;
				DEBUG_INFORMATION_FORMAT = dwarf;
				ENABLE_STRICT_OBJC_MSGSEND = YES;
				ENABLE_TESTABILITY = YES;
				GCC_C_LANGUAGE_STANDARD = gnu11;
				GCC_DYNAMIC_NO_PIC = NO;
				GCC_NO_COMMON_BLOCKS = YES;
				GCC_OPTIMIZATION_LEVEL = 0;
				GCC_PREPROCESSOR_DEFINITIONS = (
					"DEBUG=1",
					"$(inherited)",
				);
				GCC_WARN_64_TO_32_BIT_CONVERSION = YES;
				GCC_WARN_ABOUT_RETURN_TYPE = YES_ERROR;
				GCC_WARN_UNDECLARED_SELECTOR = YES;
				GCC_WARN_UNINITIALIZED_AUTOS = YES_AGGRESSIVE;
				GCC_WARN_UNUSED_FUNCTION = YES;
				GCC_WARN_UNUSED_VARIABLE = YES;
				IPHONEOS_DEPLOYMENT_TARGET = 16.1;
				MTL_ENABLE_DEBUG_INFO = INCLUDE_SOURCE;
				MTL_FAST_MATH = YES;
				ONLY_ACTIVE_ARCH = YES;
				SDKROOT = iphoneos;
				SWIFT_ACTIVE_COMPILATION_CONDITIONS = DEBUG;
				SWIFT_OPTIMIZATION_LEVEL = "-Onone";
			};
			name = Debug;
		};
		DAAEC35529CF5A55005D3E49 /* Release */ = {
			isa = XCBuildConfiguration;
			buildSettings = {
				ALWAYS_SEARCH_USER_PATHS = NO;
				CLANG_ANALYZER_NONNULL = YES;
				CLANG_ANALYZER_NUMBER_OBJECT_CONVERSION = YES_AGGRESSIVE;
				CLANG_CXX_LANGUAGE_STANDARD = "gnu++20";
				CLANG_ENABLE_MODULES = YES;
				CLANG_ENABLE_OBJC_ARC = YES;
				CLANG_ENABLE_OBJC_WEAK = YES;
				CLANG_WARN_BLOCK_CAPTURE_AUTORELEASING = YES;
				CLANG_WARN_BOOL_CONVERSION = YES;
				CLANG_WARN_COMMA = YES;
				CLANG_WARN_CONSTANT_CONVERSION = YES;
				CLANG_WARN_DEPRECATED_OBJC_IMPLEMENTATIONS = YES;
				CLANG_WARN_DIRECT_OBJC_ISA_USAGE = YES_ERROR;
				CLANG_WARN_DOCUMENTATION_COMMENTS = YES;
				CLANG_WARN_EMPTY_BODY = YES;
				CLANG_WARN_ENUM_CONVERSION = YES;
				CLANG_WARN_INFINITE_RECURSION = YES;
				CLANG_WARN_INT_CONVERSION = YES;
				CLANG_WARN_NON_LITERAL_NULL_CONVERSION = YES;
				CLANG_WARN_OBJC_IMPLICIT_RETAIN_SELF = YES;
				CLANG_WARN_OBJC_LITERAL_CONVERSION = YES;
				CLANG_WARN_OBJC_ROOT_CLASS = YES_ERROR;
				CLANG_WARN_QUOTED_INCLUDE_IN_FRAMEWORK_HEADER = YES;
				CLANG_WARN_RANGE_LOOP_ANALYSIS = YES;
				CLANG_WARN_STRICT_PROTOTYPES = YES;
				CLANG_WARN_SUSPICIOUS_MOVE = YES;
				CLANG_WARN_UNGUARDED_AVAILABILITY = YES_AGGRESSIVE;
				CLANG_WARN_UNREACHABLE_CODE = YES;
				CLANG_WARN__DUPLICATE_METHOD_MATCH = YES;
				COPY_PHASE_STRIP = NO;
				DEBUG_INFORMATION_FORMAT = "dwarf-with-dsym";
				ENABLE_NS_ASSERTIONS = NO;
				ENABLE_STRICT_OBJC_MSGSEND = YES;
				GCC_C_LANGUAGE_STANDARD = gnu11;
				GCC_NO_COMMON_BLOCKS = YES;
				GCC_WARN_64_TO_32_BIT_CONVERSION = YES;
				GCC_WARN_ABOUT_RETURN_TYPE = YES_ERROR;
				GCC_WARN_UNDECLARED_SELECTOR = YES;
				GCC_WARN_UNINITIALIZED_AUTOS = YES_AGGRESSIVE;
				GCC_WARN_UNUSED_FUNCTION = YES;
				GCC_WARN_UNUSED_VARIABLE = YES;
				IPHONEOS_DEPLOYMENT_TARGET = 16.1;
				MTL_ENABLE_DEBUG_INFO = NO;
				MTL_FAST_MATH = YES;
				SDKROOT = iphoneos;
				SWIFT_COMPILATION_MODE = wholemodule;
				SWIFT_OPTIMIZATION_LEVEL = "-O";
				VALIDATE_PRODUCT = YES;
			};
			name = Release;
		};
		DAAEC35729CF5A55005D3E49 /* Debug */ = {
			isa = XCBuildConfiguration;
			buildSettings = {
				ASSETCATALOG_COMPILER_APPICON_NAME = AppIcon;
				ASSETCATALOG_COMPILER_GLOBAL_ACCENT_COLOR_NAME = AccentColor;
				CODE_SIGN_STYLE = Automatic;
				CURRENT_PROJECT_VERSION = 1;
				DEVELOPMENT_TEAM = 47V3FFMZZT;
				GENERATE_INFOPLIST_FILE = YES;
				INFOPLIST_FILE = Marathon9.1/Info.plist;
				INFOPLIST_KEY_UIApplicationSupportsIndirectInputEvents = YES;
				INFOPLIST_KEY_UILaunchStoryboardName = LaunchScreen;
				INFOPLIST_KEY_UIMainStoryboardFile = Main;
				INFOPLIST_KEY_UISupportedInterfaceOrientations_iPad = "UIInterfaceOrientationPortrait UIInterfaceOrientationPortraitUpsideDown UIInterfaceOrientationLandscapeLeft UIInterfaceOrientationLandscapeRight";
				INFOPLIST_KEY_UISupportedInterfaceOrientations_iPhone = "UIInterfaceOrientationPortrait UIInterfaceOrientationLandscapeLeft UIInterfaceOrientationLandscapeRight";
				LD_RUNPATH_SEARCH_PATHS = (
					"$(inherited)",
					"@executable_path/Frameworks",
				);
				MARKETING_VERSION = 1.0;
				PRODUCT_BUNDLE_IDENTIFIER = "SomeProject.Marathon9-1";
				PRODUCT_NAME = "$(TARGET_NAME)";
				SWIFT_EMIT_LOC_STRINGS = YES;
				SWIFT_VERSION = 5.0;
				TARGETED_DEVICE_FAMILY = "1,2";
			};
			name = Debug;
		};
		DAAEC35829CF5A55005D3E49 /* Release */ = {
			isa = XCBuildConfiguration;
			buildSettings = {
				ASSETCATALOG_COMPILER_APPICON_NAME = AppIcon;
				ASSETCATALOG_COMPILER_GLOBAL_ACCENT_COLOR_NAME = AccentColor;
				CODE_SIGN_STYLE = Automatic;
				CURRENT_PROJECT_VERSION = 1;
				DEVELOPMENT_TEAM = 47V3FFMZZT;
				GENERATE_INFOPLIST_FILE = YES;
				INFOPLIST_FILE = Marathon9.1/Info.plist;
				INFOPLIST_KEY_UIApplicationSupportsIndirectInputEvents = YES;
				INFOPLIST_KEY_UILaunchStoryboardName = LaunchScreen;
				INFOPLIST_KEY_UIMainStoryboardFile = Main;
				INFOPLIST_KEY_UISupportedInterfaceOrientations_iPad = "UIInterfaceOrientationPortrait UIInterfaceOrientationPortraitUpsideDown UIInterfaceOrientationLandscapeLeft UIInterfaceOrientationLandscapeRight";
				INFOPLIST_KEY_UISupportedInterfaceOrientations_iPhone = "UIInterfaceOrientationPortrait UIInterfaceOrientationLandscapeLeft UIInterfaceOrientationLandscapeRight";
				LD_RUNPATH_SEARCH_PATHS = (
					"$(inherited)",
					"@executable_path/Frameworks",
				);
				MARKETING_VERSION = 1.0;
				PRODUCT_BUNDLE_IDENTIFIER = "SomeProject.Marathon9-1";
				PRODUCT_NAME = "$(TARGET_NAME)";
				SWIFT_EMIT_LOC_STRINGS = YES;
				SWIFT_VERSION = 5.0;
				TARGETED_DEVICE_FAMILY = "1,2";
			};
			name = Release;
		};
/* End XCBuildConfiguration section */

/* Begin XCConfigurationList section */
		DAAEC33D29CF5A50005D3E49 /* Build configuration list for PBXProject "Marathon9.1" */ = {
			isa = XCConfigurationList;
			buildConfigurations = (
				DAAEC35429CF5A55005D3E49 /* Debug */,
				DAAEC35529CF5A55005D3E49 /* Release */,
			);
			defaultConfigurationIsVisible = 0;
			defaultConfigurationName = Release;
		};
		DAAEC35629CF5A55005D3E49 /* Build configuration list for PBXNativeTarget "Marathon9.1" */ = {
			isa = XCConfigurationList;
			buildConfigurations = (
				DAAEC35729CF5A55005D3E49 /* Debug */,
				DAAEC35829CF5A55005D3E49 /* Release */,
			);
			defaultConfigurationIsVisible = 0;
			defaultConfigurationName = Release;
		};
/* End XCConfigurationList section */
	};
	rootObject = DAAEC33A29CF5A50005D3E49 /* Project object */;
}
